
Microsoft Visual Studio Solution File, Format Version 12.00
# Visual Studio 15
VisualStudioVersion = 15.0.28307.1259
MinimumVisualStudioVersion = 10.0.40219.1
Project("{FAE04EC0-301F-11D3-BF4B-00C04F79EFBC}") = "KeyHookingApp", "KeyHookingApp\KeyHookingApp.csproj", "{2A5D4AE8-FC25-4B20-B92A-58DBE01936F8}"
EndProject
Project("{FAE04EC0-301F-11D3-BF4B-00C04F79EFBC}") = "RampApp", "RampApp\RampApp.csproj", "{2CF13757-D724-45C2-A6D2-99738958E60E}"
EndProject
Project("{FAE04EC0-301F-11D3-BF4B-00C04F79EFBC}") = "TestApp", "TestApp\TestApp.csproj", "{F5F7BC1F-ACBB-40AD-B7ED-F197CA50EAD5}"
EndProject
Global
	GlobalSection(SolutionConfigurationPlatforms) = preSolution
		Debug|Any CPU = Debug|Any CPU
		Release|Any CPU = Release|Any CPU
	EndGlobalSection
	GlobalSection(ProjectConfigurationPlatforms) = postSolution
		{2A5D4AE8-FC25-4B20-B92A-58DBE01936F8}.Debug|Any CPU.ActiveCfg = Debug|Any CPU
		{2A5D4AE8-FC25-4B20-B92A-58DBE01936F8}.Debug|Any CPU.Build.0 = Debug|Any CPU
		{2A5D4AE8-FC25-4B20-B92A-58DBE01936F8}.Release|Any CPU.ActiveCfg = Release|Any CPU
		{2A5D4AE8-FC25-4B20-B92A-58DBE01936F8}.Release|Any CPU.Build.0 = Release|Any CPU
		{2CF13757-D724-45C2-A6D2-99738958E60E}.Debug|Any CPU.ActiveCfg = Debug|Any CPU
		{2CF13757-D724-45C2-A6D2-99738958E60E}.Debug|Any CPU.Build.0 = Debug|Any CPU
		{2CF13757-D724-45C2-A6D2-99738958E60E}.Release|Any CPU.ActiveCfg = Release|Any CPU
		{2CF13757-D724-45C2-A6D2-99738958E60E}.Release|Any CPU.Build.0 = Release|Any CPU
		{F5F7BC1F-ACBB-40AD-B7ED-F197CA50EAD5}.Debug|Any CPU.ActiveCfg = Debug|Any CPU
		{F5F7BC1F-ACBB-40AD-B7ED-F197CA50EAD5}.Debug|Any CPU.Build.0 = Debug|Any CPU
		{F5F7BC1F-ACBB-40AD-B7ED-F197CA50EAD5}.Release|Any CPU.ActiveCfg = Release|Any CPU
		{F5F7BC1F-ACBB-40AD-B7ED-F197CA50EAD5}.Release|Any CPU.Build.0 = Release|Any CPU
	EndGlobalSection
	GlobalSection(SolutionProperties) = preSolution
		HideSolutionNode = FALSE
	EndGlobalSection
	GlobalSection(ExtensibilityGlobals) = postSolution
		SolutionGuid = {6F109BEF-DF95-4E41-8F73-C653163243DB}
	EndGlobalSection
EndGlobal
