
Microsoft Visual Studio Solution File, Format Version 12.00
# Visual Studio 15
VisualStudioVersion = 15.0.28307.1259
MinimumVisualStudioVersion = 10.0.40219.1
Project("{FAE04EC0-301F-11D3-BF4B-00C04F79EFBC}") = "KeyHookingApp", "KeyHookingApp\KeyHookingApp.csproj", "{2A5D4AE8-FC25-4B20-B92A-58DBE01936F8}"
EndProject
Project("{FAE04EC0-301F-11D3-BF4B-00C04F79EFBC}") = "RampApp", "RampApp\RampApp.csproj", "{2CF13757-D724-45C2-A6D2-99738958E60E}"
EndProject
Project("{FAE04EC0-301F-11D3-BF4B-00C04F79EFBC}") = "TestApp", "TestApp\TestApp.csproj", "{F5F7BC1F-ACBB-40AD-B7ED-F197CA50EAD5}"
EndProject
Project("{FAE04EC0-301F-11D3-BF4B-00C04F79EFBC}") = "MaterialDesignBaseApp", "MaterialDesignBaseApp\MaterialDesignBaseApp.csproj", "{B21E8EF7-0B16-4EC8-82F4-442002E336F2}"
EndProject
Project("{FAE04EC0-301F-11D3-BF4B-00C04F79EFBC}") = "DAssist", "DAssist\DAssist.csproj", "{F75674B0-0A80-4611-BFF9-C4518C2BF51D}"
EndProject
Project("{FAE04EC0-301F-11D3-BF4B-00C04F79EFBC}") = "TrayApp", "TrayApp\TrayApp.csproj", "{FD1B7201-8DF2-49CD-B5FD-931D68CB47F6}"
EndProject
Project("{FAE04EC0-301F-11D3-BF4B-00C04F79EFBC}") = "TrayWithMaterialDesignApp", "TrayWithMaterialDesignApp\TrayWithMaterialDesignApp.csproj", "{044D5DF8-F0CB-4209-8A7C-C1C6C26B5F7B}"
EndProject
Project("{FAE04EC0-301F-11D3-BF4B-00C04F79EFBC}") = "AudioControlApp", "AudioControlApp\AudioControlApp.csproj", "{676D2985-B8A7-4CB5-9694-F0EB0C6F3F79}"
EndProject
Project("{FAE04EC0-301F-11D3-BF4B-00C04F79EFBC}") = "AudioCoreControlApp", "AudioCoreControlApp\AudioCoreControlApp.csproj", "{702D8DF8-27C6-4398-B1B3-16F234D1E4C0}"
EndProject
Global
	GlobalSection(SolutionConfigurationPlatforms) = preSolution
		Debug|Any CPU = Debug|Any CPU
		Release|Any CPU = Release|Any CPU
	EndGlobalSection
	GlobalSection(ProjectConfigurationPlatforms) = postSolution
		{2A5D4AE8-FC25-4B20-B92A-58DBE01936F8}.Debug|Any CPU.ActiveCfg = Debug|Any CPU
		{2A5D4AE8-FC25-4B20-B92A-58DBE01936F8}.Debug|Any CPU.Build.0 = Debug|Any CPU
		{2A5D4AE8-FC25-4B20-B92A-58DBE01936F8}.Release|Any CPU.ActiveCfg = Release|Any CPU
		{2A5D4AE8-FC25-4B20-B92A-58DBE01936F8}.Release|Any CPU.Build.0 = Release|Any CPU
		{2CF13757-D724-45C2-A6D2-99738958E60E}.Debug|Any CPU.ActiveCfg = Debug|Any CPU
		{2CF13757-D724-45C2-A6D2-99738958E60E}.Debug|Any CPU.Build.0 = Debug|Any CPU
		{2CF13757-D724-45C2-A6D2-99738958E60E}.Release|Any CPU.ActiveCfg = Release|Any CPU
		{2CF13757-D724-45C2-A6D2-99738958E60E}.Release|Any CPU.Build.0 = Release|Any CPU
		{F5F7BC1F-ACBB-40AD-B7ED-F197CA50EAD5}.Debug|Any CPU.ActiveCfg = Debug|Any CPU
		{F5F7BC1F-ACBB-40AD-B7ED-F197CA50EAD5}.Debug|Any CPU.Build.0 = Debug|Any CPU
		{F5F7BC1F-ACBB-40AD-B7ED-F197CA50EAD5}.Release|Any CPU.ActiveCfg = Release|Any CPU
		{F5F7BC1F-ACBB-40AD-B7ED-F197CA50EAD5}.Release|Any CPU.Build.0 = Release|Any CPU
		{B21E8EF7-0B16-4EC8-82F4-442002E336F2}.Debug|Any CPU.ActiveCfg = Debug|Any CPU
		{B21E8EF7-0B16-4EC8-82F4-442002E336F2}.Debug|Any CPU.Build.0 = Debug|Any CPU
		{B21E8EF7-0B16-4EC8-82F4-442002E336F2}.Release|Any CPU.ActiveCfg = Release|Any CPU
		{B21E8EF7-0B16-4EC8-82F4-442002E336F2}.Release|Any CPU.Build.0 = Release|Any CPU
		{F75674B0-0A80-4611-BFF9-C4518C2BF51D}.Debug|Any CPU.ActiveCfg = Debug|Any CPU
		{F75674B0-0A80-4611-BFF9-C4518C2BF51D}.Debug|Any CPU.Build.0 = Debug|Any CPU
		{F75674B0-0A80-4611-BFF9-C4518C2BF51D}.Release|Any CPU.ActiveCfg = Release|Any CPU
		{F75674B0-0A80-4611-BFF9-C4518C2BF51D}.Release|Any CPU.Build.0 = Release|Any CPU
		{FD1B7201-8DF2-49CD-B5FD-931D68CB47F6}.Debug|Any CPU.ActiveCfg = Debug|Any CPU
		{FD1B7201-8DF2-49CD-B5FD-931D68CB47F6}.Debug|Any CPU.Build.0 = Debug|Any CPU
		{FD1B7201-8DF2-49CD-B5FD-931D68CB47F6}.Release|Any CPU.ActiveCfg = Release|Any CPU
		{FD1B7201-8DF2-49CD-B5FD-931D68CB47F6}.Release|Any CPU.Build.0 = Release|Any CPU
		{044D5DF8-F0CB-4209-8A7C-C1C6C26B5F7B}.Debug|Any CPU.ActiveCfg = Debug|Any CPU
		{044D5DF8-F0CB-4209-8A7C-C1C6C26B5F7B}.Debug|Any CPU.Build.0 = Debug|Any CPU
		{044D5DF8-F0CB-4209-8A7C-C1C6C26B5F7B}.Release|Any CPU.ActiveCfg = Release|Any CPU
		{044D5DF8-F0CB-4209-8A7C-C1C6C26B5F7B}.Release|Any CPU.Build.0 = Release|Any CPU
		{676D2985-B8A7-4CB5-9694-F0EB0C6F3F79}.Debug|Any CPU.ActiveCfg = Debug|Any CPU
		{676D2985-B8A7-4CB5-9694-F0EB0C6F3F79}.Debug|Any CPU.Build.0 = Debug|Any CPU
		{676D2985-B8A7-4CB5-9694-F0EB0C6F3F79}.Release|Any CPU.ActiveCfg = Release|Any CPU
		{676D2985-B8A7-4CB5-9694-F0EB0C6F3F79}.Release|Any CPU.Build.0 = Release|Any CPU
		{702D8DF8-27C6-4398-B1B3-16F234D1E4C0}.Debug|Any CPU.ActiveCfg = Debug|Any CPU
		{702D8DF8-27C6-4398-B1B3-16F234D1E4C0}.Debug|Any CPU.Build.0 = Debug|Any CPU
		{702D8DF8-27C6-4398-B1B3-16F234D1E4C0}.Release|Any CPU.ActiveCfg = Release|Any CPU
		{702D8DF8-27C6-4398-B1B3-16F234D1E4C0}.Release|Any CPU.Build.0 = Release|Any CPU
	EndGlobalSection
	GlobalSection(SolutionProperties) = preSolution
		HideSolutionNode = FALSE
	EndGlobalSection
	GlobalSection(ExtensibilityGlobals) = postSolution
		SolutionGuid = {6F109BEF-DF95-4E41-8F73-C653163243DB}
	EndGlobalSection
EndGlobal
